
Microsoft Visual Studio Solution File, Format Version 12.00
# Visual Studio Version 17
VisualStudioVersion = 17.6.33801.468
MinimumVisualStudioVersion = 10.0.40219.1
Project("{FAE04EC0-301F-11D3-BF4B-00C04F79EFBC}") = "aula_poo11", "aula_poo11\aula_poo11.csproj", "{10DD2C76-1CB1-4BBB-8305-DDD2AFB82725}"
EndProject
Global
	GlobalSection(SolutionConfigurationPlatforms) = preSolution
		Debug|Any CPU = Debug|Any CPU
		Release|Any CPU = Release|Any CPU
	EndGlobalSection
	GlobalSection(ProjectConfigurationPlatforms) = postSolution
		{10DD2C76-1CB1-4BBB-8305-DDD2AFB82725}.Debug|Any CPU.ActiveCfg = Debug|Any CPU
		{10DD2C76-1CB1-4BBB-8305-DDD2AFB82725}.Debug|Any CPU.Build.0 = Debug|Any CPU
		{10DD2C76-1CB1-4BBB-8305-DDD2AFB82725}.Release|Any CPU.ActiveCfg = Release|Any CPU
		{10DD2C76-1CB1-4BBB-8305-DDD2AFB82725}.Release|Any CPU.Build.0 = Release|Any CPU
	EndGlobalSection
	GlobalSection(SolutionProperties) = preSolution
		HideSolutionNode = FALSE
	EndGlobalSection
	GlobalSection(ExtensibilityGlobals) = postSolution
		SolutionGuid = {2CF9681C-12A4-4887-8798-643D489D7BE8}
	EndGlobalSection
EndGlobal
