
Microsoft Visual Studio Solution File, Format Version 12.00
# Visual Studio Version 17
VisualStudioVersion = 17.6.33801.468
MinimumVisualStudioVersion = 10.0.40219.1
Project("{FAE04EC0-301F-11D3-BF4B-00C04F79EFBC}") = "aula_poo06", "aula_poo06\aula_poo06.csproj", "{8A1B887C-4686-4BC7-B072-FEEDDEFD8A20}"
EndProject
Global
	GlobalSection(SolutionConfigurationPlatforms) = preSolution
		Debug|Any CPU = Debug|Any CPU
		Release|Any CPU = Release|Any CPU
	EndGlobalSection
	GlobalSection(ProjectConfigurationPlatforms) = postSolution
		{8A1B887C-4686-4BC7-B072-FEEDDEFD8A20}.Debug|Any CPU.ActiveCfg = Debug|Any CPU
		{8A1B887C-4686-4BC7-B072-FEEDDEFD8A20}.Debug|Any CPU.Build.0 = Debug|Any CPU
		{8A1B887C-4686-4BC7-B072-FEEDDEFD8A20}.Release|Any CPU.ActiveCfg = Release|Any CPU
		{8A1B887C-4686-4BC7-B072-FEEDDEFD8A20}.Release|Any CPU.Build.0 = Release|Any CPU
	EndGlobalSection
	GlobalSection(SolutionProperties) = preSolution
		HideSolutionNode = FALSE
	EndGlobalSection
	GlobalSection(ExtensibilityGlobals) = postSolution
		SolutionGuid = {4271B1C6-9FD9-40BA-B560-8C2064301769}
	EndGlobalSection
EndGlobal
