
Microsoft Visual Studio Solution File, Format Version 12.00
# Visual Studio Version 17
VisualStudioVersion = 17.6.33801.468
MinimumVisualStudioVersion = 10.0.40219.1
Project("{FAE04EC0-301F-11D3-BF4B-00C04F79EFBC}") = "exercicio_poo11", "exercicio_poo11\exercicio_poo11.csproj", "{A67DEA31-11C2-4E41-BACD-6CF10672E938}"
EndProject
Global
	GlobalSection(SolutionConfigurationPlatforms) = preSolution
		Debug|Any CPU = Debug|Any CPU
		Release|Any CPU = Release|Any CPU
	EndGlobalSection
	GlobalSection(ProjectConfigurationPlatforms) = postSolution
		{A67DEA31-11C2-4E41-BACD-6CF10672E938}.Debug|Any CPU.ActiveCfg = Debug|Any CPU
		{A67DEA31-11C2-4E41-BACD-6CF10672E938}.Debug|Any CPU.Build.0 = Debug|Any CPU
		{A67DEA31-11C2-4E41-BACD-6CF10672E938}.Release|Any CPU.ActiveCfg = Release|Any CPU
		{A67DEA31-11C2-4E41-BACD-6CF10672E938}.Release|Any CPU.Build.0 = Release|Any CPU
	EndGlobalSection
	GlobalSection(SolutionProperties) = preSolution
		HideSolutionNode = FALSE
	EndGlobalSection
	GlobalSection(ExtensibilityGlobals) = postSolution
		SolutionGuid = {E62BCDDC-64C7-4023-A40B-20EB2C5A9A8A}
	EndGlobalSection
EndGlobal
